// !$*UTF8*$!
{
	archiveVersion = 1;
	classes = {
	};
	objectVersion = 46;
	objects = {

/* Begin PBXBuildFile section */
		44BD06A31E7F76A0008D6FA2 /* main.m in Sources */ = {isa = PBXBuildFile; fileRef = 44BD06A21E7F76A0008D6FA2 /* main.m */; };
		44BD06A61E7F76A0008D6FA2 /* AppDelegate.m in Sources */ = {isa = PBXBuildFile; fileRef = 44BD06A51E7F76A0008D6FA2 /* AppDelegate.m */; };
		44BD06A91E7F76A0008D6FA2 /* ViewController.m in Sources */ = {isa = PBXBuildFile; fileRef = 44BD06A81E7F76A0008D6FA2 /* ViewController.m */; };
		44BD06AC1E7F76A0008D6FA2 /* Main.storyboard in Resources */ = {isa = PBXBuildFile; fileRef = 44BD06AA1E7F76A0008D6FA2 /* Main.storyboard */; };
		44BD06AE1E7F76A0008D6FA2 /* Assets.xcassets in Resources */ = {isa = PBXBuildFile; fileRef = 44BD06AD1E7F76A0008D6FA2 /* Assets.xcassets */; };
		44BD06B11E7F76A0008D6FA2 /* LaunchScreen.storyboard in Resources */ = {isa = PBXBuildFile; fileRef = 44BD06AF1E7F76A0008D6FA2 /* LaunchScreen.storyboard */; };
		44BD06BC1E7F76A0008D6FA2 /* push_iosTests.m in Sources */ = {isa = PBXBuildFile; fileRef = 44BD06BB1E7F76A0008D6FA2 /* push_iosTests.m */; };
/* End PBXBuildFile section */

/* Begin PBXContainerItemProxy section */
		44BD06B81E7F76A0008D6FA2 /* PBXContainerItemProxy */ = {
			isa = PBXContainerItemProxy;
			containerPortal = 44BD06961E7F76A0008D6FA2 /* Project object */;
			proxyType = 1;
			remoteGlobalIDString = 44BD069D1E7F76A0008D6FA2;
			remoteInfo = push_ios;
		};
/* End PBXContainerItemProxy section */

/* Begin PBXFileReference section */
		44BD069E1E7F76A0008D6FA2 /* push_ios.app */ = {isa = PBXFileReference; explicitFileType = wrapper.application; includeInIndex = 0; path = push_ios.app; sourceTree = BUILT_PRODUCTS_DIR; };
		44BD06A21E7F76A0008D6FA2 /* main.m */ = {isa = PBXFileReference; lastKnownFileType = sourcecode.c.objc; path = main.m; sourceTree = "<group>"; };
		44BD06A41E7F76A0008D6FA2 /* AppDelegate.h */ = {isa = PBXFileReference; lastKnownFileType = sourcecode.c.h; path = AppDelegate.h; sourceTree = "<group>"; };
		44BD06A51E7F76A0008D6FA2 /* AppDelegate.m */ = {isa = PBXFileReference; lastKnownFileType = sourcecode.c.objc; path = AppDelegate.m; sourceTree = "<group>"; };
		44BD06A71E7F76A0008D6FA2 /* ViewController.h */ = {isa = PBXFileReference; lastKnownFileType = sourcecode.c.h; path = ViewController.h; sourceTree = "<group>"; };
		44BD06A81E7F76A0008D6FA2 /* ViewController.m */ = {isa = PBXFileReference; lastKnownFileType = sourcecode.c.objc; path = ViewController.m; sourceTree = "<group>"; };
		44BD06AB1E7F76A0008D6FA2 /* Base */ = {isa = PBXFileReference; lastKnownFileType = file.storyboard; name = Base; path = Base.lproj/Main.storyboard; sourceTree = "<group>"; };
		44BD06AD1E7F76A0008D6FA2 /* Assets.xcassets */ = {isa = PBXFileReference; lastKnownFileType = folder.assetcatalog; path = Assets.xcassets; sourceTree = "<group>"; };
		44BD06B01E7F76A0008D6FA2 /* Base */ = {isa = PBXFileReference; lastKnownFileType = file.storyboard; name = Base; path = Base.lproj/LaunchScreen.storyboard; sourceTree = "<group>"; };
		44BD06B21E7F76A0008D6FA2 /* Info.plist */ = {isa = PBXFileReference; lastKnownFileType = text.plist.xml; path = Info.plist; sourceTree = "<group>"; };
		44BD06B71E7F76A0008D6FA2 /* push_iosTests.xctest */ = {isa = PBXFileReference; explicitFileType = wrapper.cfbundle; includeInIndex = 0; path = push_iosTests.xctest; sourceTree = BUILT_PRODUCTS_DIR; };
		44BD06BB1E7F76A0008D6FA2 /* push_iosTests.m */ = {isa = PBXFileReference; lastKnownFileType = sourcecode.c.objc; path = push_iosTests.m; sourceTree = "<group>"; };
		44BD06BD1E7F76A0008D6FA2 /* Info.plist */ = {isa = PBXFileReference; lastKnownFileType = text.plist.xml; path = Info.plist; sourceTree = "<group>"; };
/* End PBXFileReference section */

/* Begin PBXFrameworksBuildPhase section */
		44BD069B1E7F76A0008D6FA2 /* Frameworks */ = {
			isa = PBXFrameworksBuildPhase;
			buildActionMask = 2147483647;
			files = (
			);
			runOnlyForDeploymentPostprocessing = 0;
		};
		44BD06B41E7F76A0008D6FA2 /* Frameworks */ = {
			isa = PBXFrameworksBuildPhase;
			buildActionMask = 2147483647;
			files = (
			);
			runOnlyForDeploymentPostprocessing = 0;
		};
/* End PBXFrameworksBuildPhase section */

/* Begin PBXGroup section */
		44BD06951E7F76A0008D6FA2 = {
			isa = PBXGroup;
			children = (
				44BD06A01E7F76A0008D6FA2 /* push_ios */,
				44BD06BA1E7F76A0008D6FA2 /* push_iosTests */,
				44BD069F1E7F76A0008D6FA2 /* Products */,
			);
			sourceTree = "<group>";
		};
		44BD069F1E7F76A0008D6FA2 /* Products */ = {
			isa = PBXGroup;
			children = (
				44BD069E1E7F76A0008D6FA2 /* push_ios.app */,
				44BD06B71E7F76A0008D6FA2 /* push_iosTests.xctest */,
			);
			name = Products;
			sourceTree = "<group>";
		};
		44BD06A01E7F76A0008D6FA2 /* push_ios */ = {
			isa = PBXGroup;
			children = (
				44BD06A41E7F76A0008D6FA2 /* AppDelegate.h */,
				44BD06A51E7F76A0008D6FA2 /* AppDelegate.m */,
				44BD06A71E7F76A0008D6FA2 /* ViewController.h */,
				44BD06A81E7F76A0008D6FA2 /* ViewController.m */,
				44BD06AA1E7F76A0008D6FA2 /* Main.storyboard */,
				44BD06AD1E7F76A0008D6FA2 /* Assets.xcassets */,
				44BD06AF1E7F76A0008D6FA2 /* LaunchScreen.storyboard */,
				44BD06B21E7F76A0008D6FA2 /* Info.plist */,
				44BD06A11E7F76A0008D6FA2 /* Supporting Files */,
			);
			path = push_ios;
			sourceTree = "<group>";
		};
		44BD06A11E7F76A0008D6FA2 /* Supporting Files */ = {
			isa = PBXGroup;
			children = (
				44BD06A21E7F76A0008D6FA2 /* main.m */,
			);
			name = "Supporting Files";
			sourceTree = "<group>";
		};
		44BD06BA1E7F76A0008D6FA2 /* push_iosTests */ = {
			isa = PBXGroup;
			children = (
				44BD06BB1E7F76A0008D6FA2 /* push_iosTests.m */,
				44BD06BD1E7F76A0008D6FA2 /* Info.plist */,
			);
			path = push_iosTests;
			sourceTree = "<group>";
		};
/* End PBXGroup section */

/* Begin PBXNativeTarget section */
		44BD069D1E7F76A0008D6FA2 /* push_ios */ = {
			isa = PBXNativeTarget;
			buildConfigurationList = 44BD06C01E7F76A0008D6FA2 /* Build configuration list for PBXNativeTarget "push_ios" */;
			buildPhases = (
				44BD069A1E7F76A0008D6FA2 /* Sources */,
				44BD069B1E7F76A0008D6FA2 /* Frameworks */,
				44BD069C1E7F76A0008D6FA2 /* Resources */,
			);
			buildRules = (
			);
			dependencies = (
			);
			name = push_ios;
			productName = push_ios;
			productReference = 44BD069E1E7F76A0008D6FA2 /* push_ios.app */;
			productType = "com.apple.product-type.application";
		};
		44BD06B61E7F76A0008D6FA2 /* push_iosTests */ = {
			isa = PBXNativeTarget;
			buildConfigurationList = 44BD06C31E7F76A0008D6FA2 /* Build configuration list for PBXNativeTarget "push_iosTests" */;
			buildPhases = (
				44BD06B31E7F76A0008D6FA2 /* Sources */,
				44BD06B41E7F76A0008D6FA2 /* Frameworks */,
				44BD06B51E7F76A0008D6FA2 /* Resources */,
			);
			buildRules = (
			);
			dependencies = (
				44BD06B91E7F76A0008D6FA2 /* PBXTargetDependency */,
			);
			name = push_iosTests;
			productName = push_iosTests;
			productReference = 44BD06B71E7F76A0008D6FA2 /* push_iosTests.xctest */;
			productType = "com.apple.product-type.bundle.unit-test";
		};
/* End PBXNativeTarget section */

/* Begin PBXProject section */
		44BD06961E7F76A0008D6FA2 /* Project object */ = {
			isa = PBXProject;
			attributes = {
				LastUpgradeCheck = 0720;
				ORGANIZATIONNAME = xinfu;
				TargetAttributes = {
					44BD069D1E7F76A0008D6FA2 = {
						CreatedOnToolsVersion = 7.2.1;
					};
					44BD06B61E7F76A0008D6FA2 = {
						CreatedOnToolsVersion = 7.2.1;
						TestTargetID = 44BD069D1E7F76A0008D6FA2;
					};
				};
			};
			buildConfigurationList = 44BD06991E7F76A0008D6FA2 /* Build configuration list for PBXProject "push_ios" */;
			compatibilityVersion = "Xcode 3.2";
			developmentRegion = English;
			hasScannedForEncodings = 0;
			knownRegions = (
				en,
				Base,
			);
			mainGroup = 44BD06951E7F76A0008D6FA2;
			productRefGroup = 44BD069F1E7F76A0008D6FA2 /* Products */;
			projectDirPath = "";
			projectRoot = "";
			targets = (
				44BD069D1E7F76A0008D6FA2 /* push_ios */,
				44BD06B61E7F76A0008D6FA2 /* push_iosTests */,
			);
		};
/* End PBXProject section */

/* Begin PBXResourcesBuildPhase section */
		44BD069C1E7F76A0008D6FA2 /* Resources */ = {
			isa = PBXResourcesBuildPhase;
			buildActionMask = 2147483647;
			files = (
				44BD06B11E7F76A0008D6FA2 /* LaunchScreen.storyboard in Resources */,
				44BD06AE1E7F76A0008D6FA2 /* Assets.xcassets in Resources */,
				44BD06AC1E7F76A0008D6FA2 /* Main.storyboard in Resources */,
			);
			runOnlyForDeploymentPostprocessing = 0;
		};
		44BD06B51E7F76A0008D6FA2 /* Resources */ = {
			isa = PBXResourcesBuildPhase;
			buildActionMask = 2147483647;
			files = (
			);
			runOnlyForDeploymentPostprocessing = 0;
		};
/* End PBXResourcesBuildPhase section */

/* Begin PBXSourcesBuildPhase section */
		44BD069A1E7F76A0008D6FA2 /* Sources */ = {
			isa = PBXSourcesBuildPhase;
			buildActionMask = 2147483647;
			files = (
				44BD06A91E7F76A0008D6FA2 /* ViewController.m in Sources */,
				44BD06A61E7F76A0008D6FA2 /* AppDelegate.m in Sources */,
				44BD06A31E7F76A0008D6FA2 /* main.m in Sources */,
			);
			runOnlyForDeploymentPostprocessing = 0;
		};
		44BD06B31E7F76A0008D6FA2 /* Sources */ = {
			isa = PBXSourcesBuildPhase;
			buildActionMask = 2147483647;
			files = (
				44BD06BC1E7F76A0008D6FA2 /* push_iosTests.m in Sources */,
			);
			runOnlyForDeploymentPostprocessing = 0;
		};
/* End PBXSourcesBuildPhase section */

/* Begin PBXTargetDependency section */
		44BD06B91E7F76A0008D6FA2 /* PBXTargetDependency */ = {
			isa = PBXTargetDependency;
			target = 44BD069D1E7F76A0008D6FA2 /* push_ios */;
			targetProxy = 44BD06B81E7F76A0008D6FA2 /* PBXContainerItemProxy */;
		};
/* End PBXTargetDependency section */

/* Begin PBXVariantGroup section */
		44BD06AA1E7F76A0008D6FA2 /* Main.storyboard */ = {
			isa = PBXVariantGroup;
			children = (
				44BD06AB1E7F76A0008D6FA2 /* Base */,
			);
			name = Main.storyboard;
			sourceTree = "<group>";
		};
		44BD06AF1E7F76A0008D6FA2 /* LaunchScreen.storyboard */ = {
			isa = PBXVariantGroup;
			children = (
				44BD06B01E7F76A0008D6FA2 /* Base */,
			);
			name = LaunchScreen.storyboard;
			sourceTree = "<group>";
		};
/* End PBXVariantGroup section */

/* Begin XCBuildConfiguration section */
		44BD06BE1E7F76A0008D6FA2 /* Debug */ = {
			isa = XCBuildConfiguration;
			buildSettings = {
				ALWAYS_SEARCH_USER_PATHS = NO;
				CLANG_CXX_LANGUAGE_STANDARD = "gnu++0x";
				CLANG_CXX_LIBRARY = "libc++";
				CLANG_ENABLE_MODULES = YES;
				CLANG_ENABLE_OBJC_ARC = YES;
				CLANG_WARN_BOOL_CONVERSION = YES;
				CLANG_WARN_CONSTANT_CONVERSION = YES;
				CLANG_WARN_DIRECT_OBJC_ISA_USAGE = YES_ERROR;
				CLANG_WARN_EMPTY_BODY = YES;
				CLANG_WARN_ENUM_CONVERSION = YES;
				CLANG_WARN_INT_CONVERSION = YES;
				CLANG_WARN_OBJC_ROOT_CLASS = YES_ERROR;
				CLANG_WARN_UNREACHABLE_CODE = YES;
				CLANG_WARN__DUPLICATE_METHOD_MATCH = YES;
				"CODE_SIGN_IDENTITY[sdk=iphoneos*]" = "iPhone Developer";
				COPY_PHASE_STRIP = NO;
				DEBUG_INFORMATION_FORMAT = dwarf;
				ENABLE_STRICT_OBJC_MSGSEND = YES;
				ENABLE_TESTABILITY = YES;
				GCC_C_LANGUAGE_STANDARD = gnu99;
				GCC_DYNAMIC_NO_PIC = NO;
				GCC_NO_COMMON_BLOCKS = YES;
				GCC_OPTIMIZATION_LEVEL = 0;
				GCC_PREPROCESSOR_DEFINITIONS = (
					"DEBUG=1",
					"$(inherited)",
				);
				GCC_WARN_64_TO_32_BIT_CONVERSION = YES;
				GCC_WARN_ABOUT_RETURN_TYPE = YES_ERROR;
				GCC_WARN_UNDECLARED_SELECTOR = YES;
				GCC_WARN_UNINITIALIZED_AUTOS = YES_AGGRESSIVE;
				GCC_WARN_UNUSED_FUNCTION = YES;
				GCC_WARN_UNUSED_VARIABLE = YES;
				IPHONEOS_DEPLOYMENT_TARGET = 9.2;
				MTL_ENABLE_DEBUG_INFO = YES;
				ONLY_ACTIVE_ARCH = YES;
				SDKROOT = iphoneos;
			};
			name = Debug;
		};
		44BD06BF1E7F76A0008D6FA2 /* Release */ = {
			isa = XCBuildConfiguration;
			buildSettings = {
				ALWAYS_SEARCH_USER_PATHS = NO;
				CLANG_CXX_LANGUAGE_STANDARD = "gnu++0x";
				CLANG_CXX_LIBRARY = "libc++";
				CLANG_ENABLE_MODULES = YES;
				CLANG_ENABLE_OBJC_ARC = YES;
				CLANG_WARN_BOOL_CONVERSION = YES;
				CLANG_WARN_CONSTANT_CONVERSION = YES;
				CLANG_WARN_DIRECT_OBJC_ISA_USAGE = YES_ERROR;
				CLANG_WARN_EMPTY_BODY = YES;
				CLANG_WARN_ENUM_CONVERSION = YES;
				CLANG_WARN_INT_CONVERSION = YES;
				CLANG_WARN_OBJC_ROOT_CLASS = YES_ERROR;
				CLANG_WARN_UNREACHABLE_CODE = YES;
				CLANG_WARN__DUPLICATE_METHOD_MATCH = YES;
				"CODE_SIGN_IDENTITY[sdk=iphoneos*]" = "iPhone Developer";
				COPY_PHASE_STRIP = NO;
				DEBUG_INFORMATION_FORMAT = "dwarf-with-dsym";
				ENABLE_NS_ASSERTIONS = NO;
				ENABLE_STRICT_OBJC_MSGSEND = YES;
				GCC_C_LANGUAGE_STANDARD = gnu99;
				GCC_NO_COMMON_BLOCKS = YES;
				GCC_WARN_64_TO_32_BIT_CONVERSION = YES;
				GCC_WARN_ABOUT_RETURN_TYPE = YES_ERROR;
				GCC_WARN_UNDECLARED_SELECTOR = YES;
				GCC_WARN_UNINITIALIZED_AUTOS = YES_AGGRESSIVE;
				GCC_WARN_UNUSED_FUNCTION = YES;
				GCC_WARN_UNUSED_VARIABLE = YES;
				IPHONEOS_DEPLOYMENT_TARGET = 9.2;
				MTL_ENABLE_DEBUG_INFO = NO;
				SDKROOT = iphoneos;
				VALIDATE_PRODUCT = YES;
			};
			name = Release;
		};
		44BD06C11E7F76A0008D6FA2 /* Debug */ = {
			isa = XCBuildConfiguration;
			buildSettings = {
				ASSETCATALOG_COMPILER_APPICON_NAME = AppIcon;
				INFOPLIST_FILE = push_ios/Info.plist;
				LD_RUNPATH_SEARCH_PATHS = "$(inherited) @executable_path/Frameworks";
				PRODUCT_BUNDLE_IDENTIFIER = "com.xinfu.push-ios-3";
				PRODUCT_NAME = "$(TARGET_NAME)";
			};
			name = Debug;
		};
		44BD06C21E7F76A0008D6FA2 /* Release */ = {
			isa = XCBuildConfiguration;
			buildSettings = {
				ASSETCATALOG_COMPILER_APPICON_NAME = AppIcon;
				INFOPLIST_FILE = push_ios/Info.plist;
				LD_RUNPATH_SEARCH_PATHS = "$(inherited) @executable_path/Frameworks";
				PRODUCT_BUNDLE_IDENTIFIER = "com.xinfu.push-ios-3";
				PRODUCT_NAME = "$(TARGET_NAME)";
			};
			name = Release;
		};
		44BD06C41E7F76A0008D6FA2 /* Debug */ = {
			isa = XCBuildConfiguration;
			buildSettings = {
				BUNDLE_LOADER = "$(TEST_HOST)";
				INFOPLIST_FILE = push_iosTests/Info.plist;
				LD_RUNPATH_SEARCH_PATHS = "$(inherited) @executable_path/Frameworks @loader_path/Frameworks";
				PRODUCT_BUNDLE_IDENTIFIER = "com.xinfu.push-iosTests";
				PRODUCT_NAME = "$(TARGET_NAME)";
				TEST_HOST = "$(BUILT_PRODUCTS_DIR)/push_ios.app/push_ios";
			};
			name = Debug;
		};
		44BD06C51E7F76A0008D6FA2 /* Release */ = {
			isa = XCBuildConfiguration;
			buildSettings = {
				BUNDLE_LOADER = "$(TEST_HOST)";
				INFOPLIST_FILE = push_iosTests/Info.plist;
				LD_RUNPATH_SEARCH_PATHS = "$(inherited) @executable_path/Frameworks @loader_path/Frameworks";
				PRODUCT_BUNDLE_IDENTIFIER = "com.xinfu.push-iosTests";
				PRODUCT_NAME = "$(TARGET_NAME)";
				TEST_HOST = "$(BUILT_PRODUCTS_DIR)/push_ios.app/push_ios";
			};
			name = Release;
		};
/* End XCBuildConfiguration section */

/* Begin XCConfigurationList section */
		44BD06991E7F76A0008D6FA2 /* Build configuration list for PBXProject "push_ios" */ = {
			isa = XCConfigurationList;
			buildConfigurations = (
				44BD06BE1E7F76A0008D6FA2 /* Debug */,
				44BD06BF1E7F76A0008D6FA2 /* Release */,
			);
			defaultConfigurationIsVisible = 0;
			defaultConfigurationName = Release;
		};
		44BD06C01E7F76A0008D6FA2 /* Build configuration list for PBXNativeTarget "push_ios" */ = {
			isa = XCConfigurationList;
			buildConfigurations = (
				44BD06C11E7F76A0008D6FA2 /* Debug */,
				44BD06C21E7F76A0008D6FA2 /* Release */,
			);
			defaultConfigurationIsVisible = 0;
			defaultConfigurationName = Release;
		};
		44BD06C31E7F76A0008D6FA2 /* Build configuration list for PBXNativeTarget "push_iosTests" */ = {
			isa = XCConfigurationList;
			buildConfigurations = (
				44BD06C41E7F76A0008D6FA2 /* Debug */,
				44BD06C51E7F76A0008D6FA2 /* Release */,
			);
			defaultConfigurationIsVisible = 0;
			defaultConfigurationName = Release;
		};
/* End XCConfigurationList section */
	};
	rootObject = 44BD06961E7F76A0008D6FA2 /* Project object */;
}
